
Microsoft Visual Studio Solution File, Format Version 12.00
# Visual Studio Version 17
VisualStudioVersion = 17.7.34031.279
MinimumVisualStudioVersion = 10.0.40219.1
Project("{9A19103F-16F7-4668-BE54-9A1E7A4F7556}") = "TechOil", "TechOil\TechOil.csproj", "{E7BAED80-C7EB-4FB7-9124-895072514157}"
EndProject
Project("{9A19103F-16F7-4668-BE54-9A1E7A4F7556}") = "TestProjectTechOil", "TestProjectTechOil\TestProjectTechOil.csproj", "{13AAC771-F3C6-4154-AB59-F79008670D37}"
EndProject
Project("{9A19103F-16F7-4668-BE54-9A1E7A4F7556}") = "TechOilF", "TechOilF\TechOilF.csproj", "{6F569371-952F-4258-BBCF-1E2416CCD9A7}"
EndProject
Global
	GlobalSection(SolutionConfigurationPlatforms) = preSolution
		Debug|Any CPU = Debug|Any CPU
		Release|Any CPU = Release|Any CPU
	EndGlobalSection
	GlobalSection(ProjectConfigurationPlatforms) = postSolution
		{E7BAED80-C7EB-4FB7-9124-895072514157}.Debug|Any CPU.ActiveCfg = Debug|Any CPU
		{E7BAED80-C7EB-4FB7-9124-895072514157}.Debug|Any CPU.Build.0 = Debug|Any CPU
		{E7BAED80-C7EB-4FB7-9124-895072514157}.Release|Any CPU.ActiveCfg = Release|Any CPU
		{E7BAED80-C7EB-4FB7-9124-895072514157}.Release|Any CPU.Build.0 = Release|Any CPU
		{13AAC771-F3C6-4154-AB59-F79008670D37}.Debug|Any CPU.ActiveCfg = Debug|Any CPU
		{13AAC771-F3C6-4154-AB59-F79008670D37}.Debug|Any CPU.Build.0 = Debug|Any CPU
		{13AAC771-F3C6-4154-AB59-F79008670D37}.Release|Any CPU.ActiveCfg = Release|Any CPU
		{13AAC771-F3C6-4154-AB59-F79008670D37}.Release|Any CPU.Build.0 = Release|Any CPU
		{6F569371-952F-4258-BBCF-1E2416CCD9A7}.Debug|Any CPU.ActiveCfg = Debug|Any CPU
		{6F569371-952F-4258-BBCF-1E2416CCD9A7}.Debug|Any CPU.Build.0 = Debug|Any CPU
		{6F569371-952F-4258-BBCF-1E2416CCD9A7}.Release|Any CPU.ActiveCfg = Release|Any CPU
		{6F569371-952F-4258-BBCF-1E2416CCD9A7}.Release|Any CPU.Build.0 = Release|Any CPU
	EndGlobalSection
	GlobalSection(SolutionProperties) = preSolution
		HideSolutionNode = FALSE
	EndGlobalSection
	GlobalSection(ExtensibilityGlobals) = postSolution
		SolutionGuid = {CF098DB2-F8CC-4A31-92B6-437D0EE800E1}
	EndGlobalSection
EndGlobal
